
Microsoft Visual Studio Solution File, Format Version 12.00
# Visual Studio Version 18
VisualStudioVersion = 18.2.11415.280
MinimumVisualStudioVersion = 10.0.40219.1
Project("{FAE04EC0-301F-11D3-BF4B-00C04F79EFBC}") = "AuthService.Api", "AuthService.Api\AuthService.Api.csproj", "{5B84F307-FD00-4557-BC07-9E3307B3F770}"
EndProject
Project("{FAE04EC0-301F-11D3-BF4B-00C04F79EFBC}") = "AuthService.Application", "AuthService.Application\AuthService.Application.csproj", "{480E070F-9EC0-4AFA-87C0-7135CEE1E693}"
EndProject
Project("{FAE04EC0-301F-11D3-BF4B-00C04F79EFBC}") = "AuthService.Domain", "AuthService.Domain\AuthService.Domain.csproj", "{BCCA6D10-15A5-4CA2-9CA8-6C4192FFEA53}"
EndProject
Project("{FAE04EC0-301F-11D3-BF4B-00C04F79EFBC}") = "AuthService.Infrastructure", "AuthService.Infrastructure\AuthService.Infrastructure.csproj", "{DE0C7170-19D1-434E-A082-7E0CC5AC10B0}"
EndProject
Project("{FAE04EC0-301F-11D3-BF4B-00C04F79EFBC}") = "RegService.Api", "RegService.Api\RegService.Api.csproj", "{885363D8-D6BF-4515-9A9A-6CB7058D938D}"
EndProject
Project("{FAE04EC0-301F-11D3-BF4B-00C04F79EFBC}") = "RegService.Application", "RegService.Application\RegService.Application.csproj", "{CCDDAB3C-2C33-4DA7-82D1-5F2AEA2179F0}"
EndProject
Project("{FAE04EC0-301F-11D3-BF4B-00C04F79EFBC}") = "RegService.Domain", "RegService.Domain\RegService.Domain.csproj", "{1D59DC6A-DA1E-46C1-8E14-F34ED9AE3237}"
EndProject
Project("{FAE04EC0-301F-11D3-BF4B-00C04F79EFBC}") = "RegService.Infrastructure", "RegService.Infrastructure\RegService.Infrastructure.csproj", "{EB383516-FFEE-4F44-9BE8-A2AB7BACB440}"
EndProject
Project("{FAE04EC0-301F-11D3-BF4B-00C04F79EFBC}") = "Shared.Application", "Shared.Application\Shared.Application.csproj", "{78359C02-F8AD-427F-B3A5-DE883F88484F}"
EndProject
Project("{FAE04EC0-301F-11D3-BF4B-00C04F79EFBC}") = "Shared.MinIO", "Shared.MinIO\Shared.MinIO.csproj", "{4554D1B5-118A-4CDA-969A-3194D2B66515}"
EndProject
Project("{FAE04EC0-301F-11D3-BF4B-00C04F79EFBC}") = "Shared.RabbitMQ", "Shared.RabbitMQ\Shared.RabbitMQ.csproj", "{E66F23A3-1DC7-49BA-8A7A-62C69D7D89F2}"
EndProject
Project("{FAE04EC0-301F-11D3-BF4B-00C04F79EFBC}") = "Shared.Redis", "Shared.Redis\Shared.Redis.csproj", "{87CC8E98-BAD0-4869-8CFC-D1F283B08DC4}"
EndProject
Project("{2150E333-8FDC-42A3-9474-1A3956D46DE8}") = "Service", "Service", "{E87510D4-526C-4DCD-B61B-903513473726}"
EndProject
Project("{2150E333-8FDC-42A3-9474-1A3956D46DE8}") = "AuthService", "AuthService", "{CA6C3200-EB73-4998-B4C1-BD06A866FDDD}"
EndProject
Project("{2150E333-8FDC-42A3-9474-1A3956D46DE8}") = "Shared", "Shared", "{4CACA985-F9EE-4B90-A932-D7F9EA94F024}"
EndProject
Project("{2150E333-8FDC-42A3-9474-1A3956D46DE8}") = "RegService", "RegService", "{0B16DD11-422C-459C-8BDD-047AD003309B}"
EndProject
Project("{2150E333-8FDC-42A3-9474-1A3956D46DE8}") = "Элементы решения", "Элементы решения", "{3AC2ECED-FC8C-4643-A011-118AAC3B417D}"
	ProjectSection(SolutionItems) = preProject
		global.json = global.json
	EndProjectSection
EndProject
Project("{FAE04EC0-301F-11D3-BF4B-00C04F79EFBC}") = "Shared.Infrastructure", "Shared.Infrastructure\Shared.Infrastructure.csproj", "{109ECFC5-9A26-4B90-909F-EB910D08F0DA}"
EndProject
Project("{2150E333-8FDC-42A3-9474-1A3956D46DE8}") = "ApiGetaway", "ApiGetaway", "{386E3EEB-E1E5-4175-A8BD-3827F906E1F6}"
EndProject
Project("{2150E333-8FDC-42A3-9474-1A3956D46DE8}") = "UserService", "UserService", "{98BB92D3-32B4-4288-BC88-F42C441657E2}"
EndProject
Project("{FAE04EC0-301F-11D3-BF4B-00C04F79EFBC}") = "UserService.Api", "UserService.Api\UserService.Api.csproj", "{E02E01A2-D031-4E3F-B129-C69F5BBFE3BC}"
EndProject
Project("{FAE04EC0-301F-11D3-BF4B-00C04F79EFBC}") = "UserService.Application", "UserService.Application\UserService.Application.csproj", "{EBAE9035-9872-4532-BA20-C1F292FB311C}"
EndProject
Project("{FAE04EC0-301F-11D3-BF4B-00C04F79EFBC}") = "UserService.Domain", "UserService.Domain\UserService.Domain.csproj", "{AE19642A-9B11-4375-9FDD-6A9F15C109FB}"
EndProject
Project("{FAE04EC0-301F-11D3-BF4B-00C04F79EFBC}") = "UserService.Infrastructure", "UserService.Infrastructure\UserService.Infrastructure.csproj", "{C1EE0538-41EF-4BD6-9485-2B91BBAB8292}"
EndProject
Project("{2150E333-8FDC-42A3-9474-1A3956D46DE8}") = "PostService", "PostService", "{7D93F359-31CC-45D9-BAE4-043C1B54E32C}"
EndProject
Project("{2150E333-8FDC-42A3-9474-1A3956D46DE8}") = "CommentService", "CommentService", "{1809985C-AE1E-4968-B049-0C478FD2DE0E}"
EndProject
Project("{FAE04EC0-301F-11D3-BF4B-00C04F79EFBC}") = "PostService.Api", "PostService.Api\PostService.Api.csproj", "{10184F96-1600-4B07-A9FB-C66C32BB3949}"
EndProject
Project("{FAE04EC0-301F-11D3-BF4B-00C04F79EFBC}") = "PostService.Application", "PostService.Application\PostService.Application.csproj", "{36584625-F0B7-44D6-B9D5-16A9A06188E9}"
EndProject
Project("{FAE04EC0-301F-11D3-BF4B-00C04F79EFBC}") = "PostService.Domain", "PostService.Domain\PostService.Domain.csproj", "{3DF08EE9-781A-4517-8EB6-7C676A5D37D7}"
EndProject
Project("{FAE04EC0-301F-11D3-BF4B-00C04F79EFBC}") = "PostService.Infrastructure", "PostService.Infrastructure\PostService.Infrastructure.csproj", "{02D25F49-E5D4-4D82-A5F9-FED930DB7D7A}"
EndProject
Project("{FAE04EC0-301F-11D3-BF4B-00C04F79EFBC}") = "CommentService.Api", "CommentService.Api\CommentService.Api.csproj", "{6C8FD444-1FA2-4669-B7AA-A92CCDA3EEA4}"
EndProject
Project("{FAE04EC0-301F-11D3-BF4B-00C04F79EFBC}") = "CommentService.Application", "CommentService.Application\CommentService.Application.csproj", "{1AF49605-85F9-433F-9A12-44C3317A247F}"
EndProject
Project("{FAE04EC0-301F-11D3-BF4B-00C04F79EFBC}") = "CommentService.Domain", "CommentService.Domain\CommentService.Domain.csproj", "{6F9C0A7E-2B9F-4597-85D1-B0D8C8407B27}"
EndProject
Project("{FAE04EC0-301F-11D3-BF4B-00C04F79EFBC}") = "CommentService.Infrastructure", "CommentService.Infrastructure\CommentService.Infrastructure.csproj", "{A869E61A-87D0-48F0-8CE5-C51CA37B28EA}"
EndProject
Project("{2150E333-8FDC-42A3-9474-1A3956D46DE8}") = "ChatService", "ChatService", "{FD9815F3-54CE-445E-823D-D14FEEE8A91D}"
EndProject
Project("{FAE04EC0-301F-11D3-BF4B-00C04F79EFBC}") = "ChatService.Application", "ChatService.Application\ChatService.Application.csproj", "{BB1658DC-1DC3-4853-A422-DAAE86855B22}"
EndProject
Project("{FAE04EC0-301F-11D3-BF4B-00C04F79EFBC}") = "ChatService.Domain", "ChatService.Domain\ChatService.Domain.csproj", "{5171AB0E-6164-42C6-8137-31104A422683}"
EndProject
Project("{FAE04EC0-301F-11D3-BF4B-00C04F79EFBC}") = "ChatService.Infrastructure", "ChatService.Infrastructure\ChatService.Infrastructure.csproj", "{EE7EEE0A-4D8C-4A56-9374-F8D0DCCC8311}"
EndProject
Project("{FAE04EC0-301F-11D3-BF4B-00C04F79EFBC}") = "ChatService.Api", "ChatService.Api\ChatService.Api.csproj", "{9029AD00-77F0-4CF1-A7C5-D72A1ACE11F8}"
EndProject
Project("{FAE04EC0-301F-11D3-BF4B-00C04F79EFBC}") = "ApiGateway", "ApiGateway\ApiGateway.csproj", "{00F5B79A-8D75-4085-933C-EEA930E34D46}"
EndProject
Global
	GlobalSection(SolutionConfigurationPlatforms) = preSolution
		Debug|Any CPU = Debug|Any CPU
		Release|Any CPU = Release|Any CPU
	EndGlobalSection
	GlobalSection(ProjectConfigurationPlatforms) = postSolution
		{5B84F307-FD00-4557-BC07-9E3307B3F770}.Debug|Any CPU.ActiveCfg = Debug|Any CPU
		{5B84F307-FD00-4557-BC07-9E3307B3F770}.Debug|Any CPU.Build.0 = Debug|Any CPU
		{5B84F307-FD00-4557-BC07-9E3307B3F770}.Release|Any CPU.ActiveCfg = Release|Any CPU
		{5B84F307-FD00-4557-BC07-9E3307B3F770}.Release|Any CPU.Build.0 = Release|Any CPU
		{480E070F-9EC0-4AFA-87C0-7135CEE1E693}.Debug|Any CPU.ActiveCfg = Debug|Any CPU
		{480E070F-9EC0-4AFA-87C0-7135CEE1E693}.Debug|Any CPU.Build.0 = Debug|Any CPU
		{480E070F-9EC0-4AFA-87C0-7135CEE1E693}.Release|Any CPU.ActiveCfg = Release|Any CPU
		{480E070F-9EC0-4AFA-87C0-7135CEE1E693}.Release|Any CPU.Build.0 = Release|Any CPU
		{BCCA6D10-15A5-4CA2-9CA8-6C4192FFEA53}.Debug|Any CPU.ActiveCfg = Debug|Any CPU
		{BCCA6D10-15A5-4CA2-9CA8-6C4192FFEA53}.Debug|Any CPU.Build.0 = Debug|Any CPU
		{BCCA6D10-15A5-4CA2-9CA8-6C4192FFEA53}.Release|Any CPU.ActiveCfg = Release|Any CPU
		{BCCA6D10-15A5-4CA2-9CA8-6C4192FFEA53}.Release|Any CPU.Build.0 = Release|Any CPU
		{DE0C7170-19D1-434E-A082-7E0CC5AC10B0}.Debug|Any CPU.ActiveCfg = Debug|Any CPU
		{DE0C7170-19D1-434E-A082-7E0CC5AC10B0}.Debug|Any CPU.Build.0 = Debug|Any CPU
		{DE0C7170-19D1-434E-A082-7E0CC5AC10B0}.Release|Any CPU.ActiveCfg = Release|Any CPU
		{DE0C7170-19D1-434E-A082-7E0CC5AC10B0}.Release|Any CPU.Build.0 = Release|Any CPU
		{885363D8-D6BF-4515-9A9A-6CB7058D938D}.Debug|Any CPU.ActiveCfg = Debug|Any CPU
		{885363D8-D6BF-4515-9A9A-6CB7058D938D}.Debug|Any CPU.Build.0 = Debug|Any CPU
		{885363D8-D6BF-4515-9A9A-6CB7058D938D}.Release|Any CPU.ActiveCfg = Release|Any CPU
		{885363D8-D6BF-4515-9A9A-6CB7058D938D}.Release|Any CPU.Build.0 = Release|Any CPU
		{CCDDAB3C-2C33-4DA7-82D1-5F2AEA2179F0}.Debug|Any CPU.ActiveCfg = Debug|Any CPU
		{CCDDAB3C-2C33-4DA7-82D1-5F2AEA2179F0}.Debug|Any CPU.Build.0 = Debug|Any CPU
		{CCDDAB3C-2C33-4DA7-82D1-5F2AEA2179F0}.Release|Any CPU.ActiveCfg = Release|Any CPU
		{CCDDAB3C-2C33-4DA7-82D1-5F2AEA2179F0}.Release|Any CPU.Build.0 = Release|Any CPU
		{1D59DC6A-DA1E-46C1-8E14-F34ED9AE3237}.Debug|Any CPU.ActiveCfg = Debug|Any CPU
		{1D59DC6A-DA1E-46C1-8E14-F34ED9AE3237}.Debug|Any CPU.Build.0 = Debug|Any CPU
		{1D59DC6A-DA1E-46C1-8E14-F34ED9AE3237}.Release|Any CPU.ActiveCfg = Release|Any CPU
		{1D59DC6A-DA1E-46C1-8E14-F34ED9AE3237}.Release|Any CPU.Build.0 = Release|Any CPU
		{EB383516-FFEE-4F44-9BE8-A2AB7BACB440}.Debug|Any CPU.ActiveCfg = Debug|Any CPU
		{EB383516-FFEE-4F44-9BE8-A2AB7BACB440}.Debug|Any CPU.Build.0 = Debug|Any CPU
		{EB383516-FFEE-4F44-9BE8-A2AB7BACB440}.Release|Any CPU.ActiveCfg = Release|Any CPU
		{EB383516-FFEE-4F44-9BE8-A2AB7BACB440}.Release|Any CPU.Build.0 = Release|Any CPU
		{78359C02-F8AD-427F-B3A5-DE883F88484F}.Debug|Any CPU.ActiveCfg = Debug|Any CPU
		{78359C02-F8AD-427F-B3A5-DE883F88484F}.Debug|Any CPU.Build.0 = Debug|Any CPU
		{78359C02-F8AD-427F-B3A5-DE883F88484F}.Release|Any CPU.ActiveCfg = Release|Any CPU
		{78359C02-F8AD-427F-B3A5-DE883F88484F}.Release|Any CPU.Build.0 = Release|Any CPU
		{4554D1B5-118A-4CDA-969A-3194D2B66515}.Debug|Any CPU.ActiveCfg = Debug|Any CPU
		{4554D1B5-118A-4CDA-969A-3194D2B66515}.Debug|Any CPU.Build.0 = Debug|Any CPU
		{4554D1B5-118A-4CDA-969A-3194D2B66515}.Release|Any CPU.ActiveCfg = Release|Any CPU
		{4554D1B5-118A-4CDA-969A-3194D2B66515}.Release|Any CPU.Build.0 = Release|Any CPU
		{E66F23A3-1DC7-49BA-8A7A-62C69D7D89F2}.Debug|Any CPU.ActiveCfg = Debug|Any CPU
		{E66F23A3-1DC7-49BA-8A7A-62C69D7D89F2}.Debug|Any CPU.Build.0 = Debug|Any CPU
		{E66F23A3-1DC7-49BA-8A7A-62C69D7D89F2}.Release|Any CPU.ActiveCfg = Release|Any CPU
		{E66F23A3-1DC7-49BA-8A7A-62C69D7D89F2}.Release|Any CPU.Build.0 = Release|Any CPU
		{87CC8E98-BAD0-4869-8CFC-D1F283B08DC4}.Debug|Any CPU.ActiveCfg = Debug|Any CPU
		{87CC8E98-BAD0-4869-8CFC-D1F283B08DC4}.Debug|Any CPU.Build.0 = Debug|Any CPU
		{87CC8E98-BAD0-4869-8CFC-D1F283B08DC4}.Release|Any CPU.ActiveCfg = Release|Any CPU
		{87CC8E98-BAD0-4869-8CFC-D1F283B08DC4}.Release|Any CPU.Build.0 = Release|Any CPU
		{109ECFC5-9A26-4B90-909F-EB910D08F0DA}.Debug|Any CPU.ActiveCfg = Debug|Any CPU
		{109ECFC5-9A26-4B90-909F-EB910D08F0DA}.Debug|Any CPU.Build.0 = Debug|Any CPU
		{109ECFC5-9A26-4B90-909F-EB910D08F0DA}.Release|Any CPU.ActiveCfg = Release|Any CPU
		{109ECFC5-9A26-4B90-909F-EB910D08F0DA}.Release|Any CPU.Build.0 = Release|Any CPU
		{E02E01A2-D031-4E3F-B129-C69F5BBFE3BC}.Debug|Any CPU.ActiveCfg = Debug|Any CPU
		{E02E01A2-D031-4E3F-B129-C69F5BBFE3BC}.Debug|Any CPU.Build.0 = Debug|Any CPU
		{E02E01A2-D031-4E3F-B129-C69F5BBFE3BC}.Release|Any CPU.ActiveCfg = Release|Any CPU
		{E02E01A2-D031-4E3F-B129-C69F5BBFE3BC}.Release|Any CPU.Build.0 = Release|Any CPU
		{EBAE9035-9872-4532-BA20-C1F292FB311C}.Debug|Any CPU.ActiveCfg = Debug|Any CPU
		{EBAE9035-9872-4532-BA20-C1F292FB311C}.Debug|Any CPU.Build.0 = Debug|Any CPU
		{EBAE9035-9872-4532-BA20-C1F292FB311C}.Release|Any CPU.ActiveCfg = Release|Any CPU
		{EBAE9035-9872-4532-BA20-C1F292FB311C}.Release|Any CPU.Build.0 = Release|Any CPU
		{AE19642A-9B11-4375-9FDD-6A9F15C109FB}.Debug|Any CPU.ActiveCfg = Debug|Any CPU
		{AE19642A-9B11-4375-9FDD-6A9F15C109FB}.Debug|Any CPU.Build.0 = Debug|Any CPU
		{AE19642A-9B11-4375-9FDD-6A9F15C109FB}.Release|Any CPU.ActiveCfg = Release|Any CPU
		{AE19642A-9B11-4375-9FDD-6A9F15C109FB}.Release|Any CPU.Build.0 = Release|Any CPU
		{C1EE0538-41EF-4BD6-9485-2B91BBAB8292}.Debug|Any CPU.ActiveCfg = Debug|Any CPU
		{C1EE0538-41EF-4BD6-9485-2B91BBAB8292}.Debug|Any CPU.Build.0 = Debug|Any CPU
		{C1EE0538-41EF-4BD6-9485-2B91BBAB8292}.Release|Any CPU.ActiveCfg = Release|Any CPU
		{C1EE0538-41EF-4BD6-9485-2B91BBAB8292}.Release|Any CPU.Build.0 = Release|Any CPU
		{10184F96-1600-4B07-A9FB-C66C32BB3949}.Debug|Any CPU.ActiveCfg = Debug|Any CPU
		{10184F96-1600-4B07-A9FB-C66C32BB3949}.Debug|Any CPU.Build.0 = Debug|Any CPU
		{10184F96-1600-4B07-A9FB-C66C32BB3949}.Release|Any CPU.ActiveCfg = Release|Any CPU
		{10184F96-1600-4B07-A9FB-C66C32BB3949}.Release|Any CPU.Build.0 = Release|Any CPU
		{36584625-F0B7-44D6-B9D5-16A9A06188E9}.Debug|Any CPU.ActiveCfg = Debug|Any CPU
		{36584625-F0B7-44D6-B9D5-16A9A06188E9}.Debug|Any CPU.Build.0 = Debug|Any CPU
		{36584625-F0B7-44D6-B9D5-16A9A06188E9}.Release|Any CPU.ActiveCfg = Release|Any CPU
		{36584625-F0B7-44D6-B9D5-16A9A06188E9}.Release|Any CPU.Build.0 = Release|Any CPU
		{3DF08EE9-781A-4517-8EB6-7C676A5D37D7}.Debug|Any CPU.ActiveCfg = Debug|Any CPU
		{3DF08EE9-781A-4517-8EB6-7C676A5D37D7}.Debug|Any CPU.Build.0 = Debug|Any CPU
		{3DF08EE9-781A-4517-8EB6-7C676A5D37D7}.Release|Any CPU.ActiveCfg = Release|Any CPU
		{3DF08EE9-781A-4517-8EB6-7C676A5D37D7}.Release|Any CPU.Build.0 = Release|Any CPU
		{02D25F49-E5D4-4D82-A5F9-FED930DB7D7A}.Debug|Any CPU.ActiveCfg = Debug|Any CPU
		{02D25F49-E5D4-4D82-A5F9-FED930DB7D7A}.Debug|Any CPU.Build.0 = Debug|Any CPU
		{02D25F49-E5D4-4D82-A5F9-FED930DB7D7A}.Release|Any CPU.ActiveCfg = Release|Any CPU
		{02D25F49-E5D4-4D82-A5F9-FED930DB7D7A}.Release|Any CPU.Build.0 = Release|Any CPU
		{6C8FD444-1FA2-4669-B7AA-A92CCDA3EEA4}.Debug|Any CPU.ActiveCfg = Debug|Any CPU
		{6C8FD444-1FA2-4669-B7AA-A92CCDA3EEA4}.Debug|Any CPU.Build.0 = Debug|Any CPU
		{6C8FD444-1FA2-4669-B7AA-A92CCDA3EEA4}.Release|Any CPU.ActiveCfg = Release|Any CPU
		{6C8FD444-1FA2-4669-B7AA-A92CCDA3EEA4}.Release|Any CPU.Build.0 = Release|Any CPU
		{1AF49605-85F9-433F-9A12-44C3317A247F}.Debug|Any CPU.ActiveCfg = Debug|Any CPU
		{1AF49605-85F9-433F-9A12-44C3317A247F}.Debug|Any CPU.Build.0 = Debug|Any CPU
		{1AF49605-85F9-433F-9A12-44C3317A247F}.Release|Any CPU.ActiveCfg = Release|Any CPU
		{1AF49605-85F9-433F-9A12-44C3317A247F}.Release|Any CPU.Build.0 = Release|Any CPU
		{6F9C0A7E-2B9F-4597-85D1-B0D8C8407B27}.Debug|Any CPU.ActiveCfg = Debug|Any CPU
		{6F9C0A7E-2B9F-4597-85D1-B0D8C8407B27}.Debug|Any CPU.Build.0 = Debug|Any CPU
		{6F9C0A7E-2B9F-4597-85D1-B0D8C8407B27}.Release|Any CPU.ActiveCfg = Release|Any CPU
		{6F9C0A7E-2B9F-4597-85D1-B0D8C8407B27}.Release|Any CPU.Build.0 = Release|Any CPU
		{A869E61A-87D0-48F0-8CE5-C51CA37B28EA}.Debug|Any CPU.ActiveCfg = Debug|Any CPU
		{A869E61A-87D0-48F0-8CE5-C51CA37B28EA}.Debug|Any CPU.Build.0 = Debug|Any CPU
		{A869E61A-87D0-48F0-8CE5-C51CA37B28EA}.Release|Any CPU.ActiveCfg = Release|Any CPU
		{A869E61A-87D0-48F0-8CE5-C51CA37B28EA}.Release|Any CPU.Build.0 = Release|Any CPU
		{BB1658DC-1DC3-4853-A422-DAAE86855B22}.Debug|Any CPU.ActiveCfg = Debug|Any CPU
		{BB1658DC-1DC3-4853-A422-DAAE86855B22}.Debug|Any CPU.Build.0 = Debug|Any CPU
		{BB1658DC-1DC3-4853-A422-DAAE86855B22}.Release|Any CPU.ActiveCfg = Release|Any CPU
		{BB1658DC-1DC3-4853-A422-DAAE86855B22}.Release|Any CPU.Build.0 = Release|Any CPU
		{5171AB0E-6164-42C6-8137-31104A422683}.Debug|Any CPU.ActiveCfg = Debug|Any CPU
		{5171AB0E-6164-42C6-8137-31104A422683}.Debug|Any CPU.Build.0 = Debug|Any CPU
		{5171AB0E-6164-42C6-8137-31104A422683}.Release|Any CPU.ActiveCfg = Release|Any CPU
		{5171AB0E-6164-42C6-8137-31104A422683}.Release|Any CPU.Build.0 = Release|Any CPU
		{EE7EEE0A-4D8C-4A56-9374-F8D0DCCC8311}.Debug|Any CPU.ActiveCfg = Debug|Any CPU
		{EE7EEE0A-4D8C-4A56-9374-F8D0DCCC8311}.Debug|Any CPU.Build.0 = Debug|Any CPU
		{EE7EEE0A-4D8C-4A56-9374-F8D0DCCC8311}.Release|Any CPU.ActiveCfg = Release|Any CPU
		{EE7EEE0A-4D8C-4A56-9374-F8D0DCCC8311}.Release|Any CPU.Build.0 = Release|Any CPU
		{9029AD00-77F0-4CF1-A7C5-D72A1ACE11F8}.Debug|Any CPU.ActiveCfg = Debug|Any CPU
		{9029AD00-77F0-4CF1-A7C5-D72A1ACE11F8}.Debug|Any CPU.Build.0 = Debug|Any CPU
		{9029AD00-77F0-4CF1-A7C5-D72A1ACE11F8}.Release|Any CPU.ActiveCfg = Release|Any CPU
		{9029AD00-77F0-4CF1-A7C5-D72A1ACE11F8}.Release|Any CPU.Build.0 = Release|Any CPU
		{00F5B79A-8D75-4085-933C-EEA930E34D46}.Debug|Any CPU.ActiveCfg = Debug|Any CPU
		{00F5B79A-8D75-4085-933C-EEA930E34D46}.Debug|Any CPU.Build.0 = Debug|Any CPU
		{00F5B79A-8D75-4085-933C-EEA930E34D46}.Release|Any CPU.ActiveCfg = Release|Any CPU
		{00F5B79A-8D75-4085-933C-EEA930E34D46}.Release|Any CPU.Build.0 = Release|Any CPU
	EndGlobalSection
	GlobalSection(SolutionProperties) = preSolution
		HideSolutionNode = FALSE
	EndGlobalSection
	GlobalSection(NestedProjects) = preSolution
		{5B84F307-FD00-4557-BC07-9E3307B3F770} = {CA6C3200-EB73-4998-B4C1-BD06A866FDDD}
		{480E070F-9EC0-4AFA-87C0-7135CEE1E693} = {CA6C3200-EB73-4998-B4C1-BD06A866FDDD}
		{BCCA6D10-15A5-4CA2-9CA8-6C4192FFEA53} = {CA6C3200-EB73-4998-B4C1-BD06A866FDDD}
		{DE0C7170-19D1-434E-A082-7E0CC5AC10B0} = {CA6C3200-EB73-4998-B4C1-BD06A866FDDD}
		{885363D8-D6BF-4515-9A9A-6CB7058D938D} = {0B16DD11-422C-459C-8BDD-047AD003309B}
		{CCDDAB3C-2C33-4DA7-82D1-5F2AEA2179F0} = {0B16DD11-422C-459C-8BDD-047AD003309B}
		{1D59DC6A-DA1E-46C1-8E14-F34ED9AE3237} = {0B16DD11-422C-459C-8BDD-047AD003309B}
		{EB383516-FFEE-4F44-9BE8-A2AB7BACB440} = {0B16DD11-422C-459C-8BDD-047AD003309B}
		{78359C02-F8AD-427F-B3A5-DE883F88484F} = {4CACA985-F9EE-4B90-A932-D7F9EA94F024}
		{4554D1B5-118A-4CDA-969A-3194D2B66515} = {4CACA985-F9EE-4B90-A932-D7F9EA94F024}
		{E66F23A3-1DC7-49BA-8A7A-62C69D7D89F2} = {4CACA985-F9EE-4B90-A932-D7F9EA94F024}
		{87CC8E98-BAD0-4869-8CFC-D1F283B08DC4} = {4CACA985-F9EE-4B90-A932-D7F9EA94F024}
		{CA6C3200-EB73-4998-B4C1-BD06A866FDDD} = {E87510D4-526C-4DCD-B61B-903513473726}
		{0B16DD11-422C-459C-8BDD-047AD003309B} = {E87510D4-526C-4DCD-B61B-903513473726}
		{109ECFC5-9A26-4B90-909F-EB910D08F0DA} = {4CACA985-F9EE-4B90-A932-D7F9EA94F024}
		{98BB92D3-32B4-4288-BC88-F42C441657E2} = {E87510D4-526C-4DCD-B61B-903513473726}
		{E02E01A2-D031-4E3F-B129-C69F5BBFE3BC} = {98BB92D3-32B4-4288-BC88-F42C441657E2}
		{EBAE9035-9872-4532-BA20-C1F292FB311C} = {98BB92D3-32B4-4288-BC88-F42C441657E2}
		{AE19642A-9B11-4375-9FDD-6A9F15C109FB} = {98BB92D3-32B4-4288-BC88-F42C441657E2}
		{C1EE0538-41EF-4BD6-9485-2B91BBAB8292} = {98BB92D3-32B4-4288-BC88-F42C441657E2}
		{7D93F359-31CC-45D9-BAE4-043C1B54E32C} = {E87510D4-526C-4DCD-B61B-903513473726}
		{1809985C-AE1E-4968-B049-0C478FD2DE0E} = {E87510D4-526C-4DCD-B61B-903513473726}
		{10184F96-1600-4B07-A9FB-C66C32BB3949} = {7D93F359-31CC-45D9-BAE4-043C1B54E32C}
		{36584625-F0B7-44D6-B9D5-16A9A06188E9} = {7D93F359-31CC-45D9-BAE4-043C1B54E32C}
		{3DF08EE9-781A-4517-8EB6-7C676A5D37D7} = {7D93F359-31CC-45D9-BAE4-043C1B54E32C}
		{02D25F49-E5D4-4D82-A5F9-FED930DB7D7A} = {7D93F359-31CC-45D9-BAE4-043C1B54E32C}
		{6C8FD444-1FA2-4669-B7AA-A92CCDA3EEA4} = {1809985C-AE1E-4968-B049-0C478FD2DE0E}
		{1AF49605-85F9-433F-9A12-44C3317A247F} = {1809985C-AE1E-4968-B049-0C478FD2DE0E}
		{6F9C0A7E-2B9F-4597-85D1-B0D8C8407B27} = {1809985C-AE1E-4968-B049-0C478FD2DE0E}
		{A869E61A-87D0-48F0-8CE5-C51CA37B28EA} = {1809985C-AE1E-4968-B049-0C478FD2DE0E}
		{FD9815F3-54CE-445E-823D-D14FEEE8A91D} = {E87510D4-526C-4DCD-B61B-903513473726}
		{BB1658DC-1DC3-4853-A422-DAAE86855B22} = {FD9815F3-54CE-445E-823D-D14FEEE8A91D}
		{5171AB0E-6164-42C6-8137-31104A422683} = {FD9815F3-54CE-445E-823D-D14FEEE8A91D}
		{EE7EEE0A-4D8C-4A56-9374-F8D0DCCC8311} = {FD9815F3-54CE-445E-823D-D14FEEE8A91D}
		{9029AD00-77F0-4CF1-A7C5-D72A1ACE11F8} = {FD9815F3-54CE-445E-823D-D14FEEE8A91D}
		{00F5B79A-8D75-4085-933C-EEA930E34D46} = {386E3EEB-E1E5-4175-A8BD-3827F906E1F6}
	EndGlobalSection
	GlobalSection(ExtensibilityGlobals) = postSolution
		SolutionGuid = {E08DD7DF-CBEA-403D-B2DB-48939711846A}
	EndGlobalSection
EndGlobal
