
Microsoft Visual Studio Solution File, Format Version 12.00
# Visual Studio Version 18
VisualStudioVersion = 18.2.11415.280
MinimumVisualStudioVersion = 10.0.40219.1
Project("{FAE04EC0-301F-11D3-BF4B-00C04F79EFBC}") = "AuthService.Api", "AuthService.Api\AuthService.Api.csproj", "{5B84F307-FD00-4557-BC07-9E3307B3F770}"
EndProject
Project("{FAE04EC0-301F-11D3-BF4B-00C04F79EFBC}") = "AuthService.Application", "AuthService.Application\AuthService.Application.csproj", "{480E070F-9EC0-4AFA-87C0-7135CEE1E693}"
EndProject
Project("{FAE04EC0-301F-11D3-BF4B-00C04F79EFBC}") = "AuthService.Domain", "AuthService.Domain\AuthService.Domain.csproj", "{BCCA6D10-15A5-4CA2-9CA8-6C4192FFEA53}"
EndProject
Project("{FAE04EC0-301F-11D3-BF4B-00C04F79EFBC}") = "AuthService.Infrastructure", "AuthService.Infrastructure\AuthService.Infrastructure.csproj", "{DE0C7170-19D1-434E-A082-7E0CC5AC10B0}"
EndProject
Project("{FAE04EC0-301F-11D3-BF4B-00C04F79EFBC}") = "RegService.Api", "RegService.Api\RegService.Api.csproj", "{885363D8-D6BF-4515-9A9A-6CB7058D938D}"
EndProject
Project("{FAE04EC0-301F-11D3-BF4B-00C04F79EFBC}") = "RegService.Application", "RegService.Application\RegService.Application.csproj", "{CCDDAB3C-2C33-4DA7-82D1-5F2AEA2179F0}"
EndProject
Project("{FAE04EC0-301F-11D3-BF4B-00C04F79EFBC}") = "RegService.Domain", "RegService.Domain\RegService.Domain.csproj", "{1D59DC6A-DA1E-46C1-8E14-F34ED9AE3237}"
EndProject
Project("{FAE04EC0-301F-11D3-BF4B-00C04F79EFBC}") = "RegService.Infrastructure", "RegService.Infrastructure\RegService.Infrastructure.csproj", "{EB383516-FFEE-4F44-9BE8-A2AB7BACB440}"
EndProject
Project("{FAE04EC0-301F-11D3-BF4B-00C04F79EFBC}") = "Shared.Application", "Shared.Application\Shared.Application.csproj", "{78359C02-F8AD-427F-B3A5-DE883F88484F}"
EndProject
Project("{FAE04EC0-301F-11D3-BF4B-00C04F79EFBC}") = "Shared.MinIO", "Shared.MinIO\Shared.MinIO.csproj", "{4554D1B5-118A-4CDA-969A-3194D2B66515}"
EndProject
Project("{FAE04EC0-301F-11D3-BF4B-00C04F79EFBC}") = "Shared.RabbitMQ", "Shared.RabbitMQ\Shared.RabbitMQ.csproj", "{E66F23A3-1DC7-49BA-8A7A-62C69D7D89F2}"
EndProject
Project("{FAE04EC0-301F-11D3-BF4B-00C04F79EFBC}") = "Shared.Redis", "Shared.Redis\Shared.Redis.csproj", "{87CC8E98-BAD0-4869-8CFC-D1F283B08DC4}"
EndProject
Project("{2150E333-8FDC-42A3-9474-1A3956D46DE8}") = "Service", "Service", "{E87510D4-526C-4DCD-B61B-903513473726}"
EndProject
Project("{2150E333-8FDC-42A3-9474-1A3956D46DE8}") = "AuthService", "AuthService", "{CA6C3200-EB73-4998-B4C1-BD06A866FDDD}"
EndProject
Project("{2150E333-8FDC-42A3-9474-1A3956D46DE8}") = "Shared", "Shared", "{4CACA985-F9EE-4B90-A932-D7F9EA94F024}"
EndProject
Project("{2150E333-8FDC-42A3-9474-1A3956D46DE8}") = "RegService", "RegService", "{0B16DD11-422C-459C-8BDD-047AD003309B}"
EndProject
Project("{2150E333-8FDC-42A3-9474-1A3956D46DE8}") = "Элементы решения", "Элементы решения", "{3AC2ECED-FC8C-4643-A011-118AAC3B417D}"
	ProjectSection(SolutionItems) = preProject
		global.json = global.json
	EndProjectSection
EndProject
Project("{FAE04EC0-301F-11D3-BF4B-00C04F79EFBC}") = "Shared.Infrastructure", "Shared.Infrastructure\Shared.Infrastructure.csproj", "{109ECFC5-9A26-4B90-909F-EB910D08F0DA}"
EndProject
Global
	GlobalSection(SolutionConfigurationPlatforms) = preSolution
		Debug|Any CPU = Debug|Any CPU
		Release|Any CPU = Release|Any CPU
	EndGlobalSection
	GlobalSection(ProjectConfigurationPlatforms) = postSolution
		{5B84F307-FD00-4557-BC07-9E3307B3F770}.Debug|Any CPU.ActiveCfg = Debug|Any CPU
		{5B84F307-FD00-4557-BC07-9E3307B3F770}.Debug|Any CPU.Build.0 = Debug|Any CPU
		{5B84F307-FD00-4557-BC07-9E3307B3F770}.Release|Any CPU.ActiveCfg = Release|Any CPU
		{5B84F307-FD00-4557-BC07-9E3307B3F770}.Release|Any CPU.Build.0 = Release|Any CPU
		{480E070F-9EC0-4AFA-87C0-7135CEE1E693}.Debug|Any CPU.ActiveCfg = Debug|Any CPU
		{480E070F-9EC0-4AFA-87C0-7135CEE1E693}.Debug|Any CPU.Build.0 = Debug|Any CPU
		{480E070F-9EC0-4AFA-87C0-7135CEE1E693}.Release|Any CPU.ActiveCfg = Release|Any CPU
		{480E070F-9EC0-4AFA-87C0-7135CEE1E693}.Release|Any CPU.Build.0 = Release|Any CPU
		{BCCA6D10-15A5-4CA2-9CA8-6C4192FFEA53}.Debug|Any CPU.ActiveCfg = Debug|Any CPU
		{BCCA6D10-15A5-4CA2-9CA8-6C4192FFEA53}.Debug|Any CPU.Build.0 = Debug|Any CPU
		{BCCA6D10-15A5-4CA2-9CA8-6C4192FFEA53}.Release|Any CPU.ActiveCfg = Release|Any CPU
		{BCCA6D10-15A5-4CA2-9CA8-6C4192FFEA53}.Release|Any CPU.Build.0 = Release|Any CPU
		{DE0C7170-19D1-434E-A082-7E0CC5AC10B0}.Debug|Any CPU.ActiveCfg = Debug|Any CPU
		{DE0C7170-19D1-434E-A082-7E0CC5AC10B0}.Debug|Any CPU.Build.0 = Debug|Any CPU
		{DE0C7170-19D1-434E-A082-7E0CC5AC10B0}.Release|Any CPU.ActiveCfg = Release|Any CPU
		{DE0C7170-19D1-434E-A082-7E0CC5AC10B0}.Release|Any CPU.Build.0 = Release|Any CPU
		{885363D8-D6BF-4515-9A9A-6CB7058D938D}.Debug|Any CPU.ActiveCfg = Debug|Any CPU
		{885363D8-D6BF-4515-9A9A-6CB7058D938D}.Debug|Any CPU.Build.0 = Debug|Any CPU
		{885363D8-D6BF-4515-9A9A-6CB7058D938D}.Release|Any CPU.ActiveCfg = Release|Any CPU
		{885363D8-D6BF-4515-9A9A-6CB7058D938D}.Release|Any CPU.Build.0 = Release|Any CPU
		{CCDDAB3C-2C33-4DA7-82D1-5F2AEA2179F0}.Debug|Any CPU.ActiveCfg = Debug|Any CPU
		{CCDDAB3C-2C33-4DA7-82D1-5F2AEA2179F0}.Debug|Any CPU.Build.0 = Debug|Any CPU
		{CCDDAB3C-2C33-4DA7-82D1-5F2AEA2179F0}.Release|Any CPU.ActiveCfg = Release|Any CPU
		{CCDDAB3C-2C33-4DA7-82D1-5F2AEA2179F0}.Release|Any CPU.Build.0 = Release|Any CPU
		{1D59DC6A-DA1E-46C1-8E14-F34ED9AE3237}.Debug|Any CPU.ActiveCfg = Debug|Any CPU
		{1D59DC6A-DA1E-46C1-8E14-F34ED9AE3237}.Debug|Any CPU.Build.0 = Debug|Any CPU
		{1D59DC6A-DA1E-46C1-8E14-F34ED9AE3237}.Release|Any CPU.ActiveCfg = Release|Any CPU
		{1D59DC6A-DA1E-46C1-8E14-F34ED9AE3237}.Release|Any CPU.Build.0 = Release|Any CPU
		{EB383516-FFEE-4F44-9BE8-A2AB7BACB440}.Debug|Any CPU.ActiveCfg = Debug|Any CPU
		{EB383516-FFEE-4F44-9BE8-A2AB7BACB440}.Debug|Any CPU.Build.0 = Debug|Any CPU
		{EB383516-FFEE-4F44-9BE8-A2AB7BACB440}.Release|Any CPU.ActiveCfg = Release|Any CPU
		{EB383516-FFEE-4F44-9BE8-A2AB7BACB440}.Release|Any CPU.Build.0 = Release|Any CPU
		{78359C02-F8AD-427F-B3A5-DE883F88484F}.Debug|Any CPU.ActiveCfg = Debug|Any CPU
		{78359C02-F8AD-427F-B3A5-DE883F88484F}.Debug|Any CPU.Build.0 = Debug|Any CPU
		{78359C02-F8AD-427F-B3A5-DE883F88484F}.Release|Any CPU.ActiveCfg = Release|Any CPU
		{78359C02-F8AD-427F-B3A5-DE883F88484F}.Release|Any CPU.Build.0 = Release|Any CPU
		{4554D1B5-118A-4CDA-969A-3194D2B66515}.Debug|Any CPU.ActiveCfg = Debug|Any CPU
		{4554D1B5-118A-4CDA-969A-3194D2B66515}.Debug|Any CPU.Build.0 = Debug|Any CPU
		{4554D1B5-118A-4CDA-969A-3194D2B66515}.Release|Any CPU.ActiveCfg = Release|Any CPU
		{4554D1B5-118A-4CDA-969A-3194D2B66515}.Release|Any CPU.Build.0 = Release|Any CPU
		{E66F23A3-1DC7-49BA-8A7A-62C69D7D89F2}.Debug|Any CPU.ActiveCfg = Debug|Any CPU
		{E66F23A3-1DC7-49BA-8A7A-62C69D7D89F2}.Debug|Any CPU.Build.0 = Debug|Any CPU
		{E66F23A3-1DC7-49BA-8A7A-62C69D7D89F2}.Release|Any CPU.ActiveCfg = Release|Any CPU
		{E66F23A3-1DC7-49BA-8A7A-62C69D7D89F2}.Release|Any CPU.Build.0 = Release|Any CPU
		{87CC8E98-BAD0-4869-8CFC-D1F283B08DC4}.Debug|Any CPU.ActiveCfg = Debug|Any CPU
		{87CC8E98-BAD0-4869-8CFC-D1F283B08DC4}.Debug|Any CPU.Build.0 = Debug|Any CPU
		{87CC8E98-BAD0-4869-8CFC-D1F283B08DC4}.Release|Any CPU.ActiveCfg = Release|Any CPU
		{87CC8E98-BAD0-4869-8CFC-D1F283B08DC4}.Release|Any CPU.Build.0 = Release|Any CPU
		{109ECFC5-9A26-4B90-909F-EB910D08F0DA}.Debug|Any CPU.ActiveCfg = Debug|Any CPU
		{109ECFC5-9A26-4B90-909F-EB910D08F0DA}.Debug|Any CPU.Build.0 = Debug|Any CPU
		{109ECFC5-9A26-4B90-909F-EB910D08F0DA}.Release|Any CPU.ActiveCfg = Release|Any CPU
		{109ECFC5-9A26-4B90-909F-EB910D08F0DA}.Release|Any CPU.Build.0 = Release|Any CPU
	EndGlobalSection
	GlobalSection(SolutionProperties) = preSolution
		HideSolutionNode = FALSE
	EndGlobalSection
	GlobalSection(NestedProjects) = preSolution
		{5B84F307-FD00-4557-BC07-9E3307B3F770} = {CA6C3200-EB73-4998-B4C1-BD06A866FDDD}
		{480E070F-9EC0-4AFA-87C0-7135CEE1E693} = {CA6C3200-EB73-4998-B4C1-BD06A866FDDD}
		{BCCA6D10-15A5-4CA2-9CA8-6C4192FFEA53} = {CA6C3200-EB73-4998-B4C1-BD06A866FDDD}
		{DE0C7170-19D1-434E-A082-7E0CC5AC10B0} = {CA6C3200-EB73-4998-B4C1-BD06A866FDDD}
		{885363D8-D6BF-4515-9A9A-6CB7058D938D} = {0B16DD11-422C-459C-8BDD-047AD003309B}
		{CCDDAB3C-2C33-4DA7-82D1-5F2AEA2179F0} = {0B16DD11-422C-459C-8BDD-047AD003309B}
		{1D59DC6A-DA1E-46C1-8E14-F34ED9AE3237} = {0B16DD11-422C-459C-8BDD-047AD003309B}
		{EB383516-FFEE-4F44-9BE8-A2AB7BACB440} = {0B16DD11-422C-459C-8BDD-047AD003309B}
		{78359C02-F8AD-427F-B3A5-DE883F88484F} = {4CACA985-F9EE-4B90-A932-D7F9EA94F024}
		{4554D1B5-118A-4CDA-969A-3194D2B66515} = {4CACA985-F9EE-4B90-A932-D7F9EA94F024}
		{E66F23A3-1DC7-49BA-8A7A-62C69D7D89F2} = {4CACA985-F9EE-4B90-A932-D7F9EA94F024}
		{87CC8E98-BAD0-4869-8CFC-D1F283B08DC4} = {4CACA985-F9EE-4B90-A932-D7F9EA94F024}
		{CA6C3200-EB73-4998-B4C1-BD06A866FDDD} = {E87510D4-526C-4DCD-B61B-903513473726}
		{0B16DD11-422C-459C-8BDD-047AD003309B} = {E87510D4-526C-4DCD-B61B-903513473726}
		{109ECFC5-9A26-4B90-909F-EB910D08F0DA} = {4CACA985-F9EE-4B90-A932-D7F9EA94F024}
	EndGlobalSection
	GlobalSection(ExtensibilityGlobals) = postSolution
		SolutionGuid = {E08DD7DF-CBEA-403D-B2DB-48939711846A}
	EndGlobalSection
EndGlobal
